lockfileVersion: '9.0'

settings:
  autoInstallPeers: true
  excludeLinksFromLockfile: false

importers:

  .:
    dependencies:
      '@kjgl77/datav-vue3':
        specifier: ^1.7.4
        version: 1.7.4(vue@3.5.25(typescript@5.9.3))
      echarts:
        specifier: ^6.0.0
        version: 6.0.0
      vue:
        specifier: ^3.5.24
        version: 3.5.25(typescript@5.9.3)
    devDependencies:
      '@types/node':
        specifier: ^24.10.1
        version: 24.10.4
      '@vitejs/plugin-vue':
        specifier: ^6.0.1
        version: 6.0.3(vite@7.3.0(@types/node@24.10.4)(less@4.5.1))(vue@3.5.25(typescript@5.9.3))
      '@vue/tsconfig':
        specifier: ^0.8.1
        version: 0.8.1(typescript@5.9.3)(vue@3.5.25(typescript@5.9.3))
      less:
        specifier: ^4.5.1
        version: 4.5.1
      rollup-plugin-visualizer:
        specifier: ^6.0.5
        version: 6.0.5(rollup@4.53.5)
      typescript:
        specifier: ~5.9.3
        version: 5.9.3
      vite:
        specifier: ^7.2.4
        version: 7.3.0(@types/node@24.10.4)(less@4.5.1)
      vite-plugin-compression:
        specifier: ^0.5.1
        version: 0.5.1(vite@7.3.0(@types/node@24.10.4)(less@4.5.1))
      vue-tsc:
        specifier: ^3.1.4
        version: 3.1.8(typescript@5.9.3)

packages:

  '@babel/helper-string-parser@7.27.1':
    resolution: {integrity: sha512-qMlSxKbpRlAridDExk92nSobyDdpPijUq2DW6oDnUqd0iOGxmQjyqhMIihI9+zv4LPyZdRje2cavWPbCbWm3eA==}
    engines: {node: '>=6.9.0'}

  '@babel/helper-validator-identifier@7.28.5':
    resolution: {integrity: sha512-qSs4ifwzKJSV39ucNjsvc6WVHs6b7S03sOh2OcHF9UHfVPqWWALUsNUVzhSBiItjRZoLHx7nIarVjqKVusUZ1Q==}
    engines: {node: '>=6.9.0'}

  '@babel/parser@7.28.5':
    resolution: {integrity: sha512-KKBU1VGYR7ORr3At5HAtUQ+TV3SzRCXmA/8OdDZiLDBIZxVyzXuztPjfLd3BV1PRAQGCMWWSHYhL0F8d5uHBDQ==}
    engines: {node: '>=6.0.0'}
    hasBin: true

  '@babel/runtime@7.28.4':
    resolution: {integrity: sha512-Q/N6JNWvIvPnLDvjlE1OUBLPQHH6l3CltCEsHIujp45zQUSSh8K+gHnaEX45yAT1nyngnINhvWtzN+Nb9D8RAQ==}
    engines: {node: '>=6.9.0'}

  '@babel/types@7.28.5':
    resolution: {integrity: sha512-qQ5m48eI/MFLQ5PxQj4PFaprjyCTLI37ElWMmNs0K8Lk3dVeOdNpB3ks8jc7yM5CDmVC73eMVk/trk3fgmrUpA==}
    engines: {node: '>=6.9.0'}

  '@esbuild/aix-ppc64@0.27.2':
    resolution: {integrity: sha512-GZMB+a0mOMZs4MpDbj8RJp4cw+w1WV5NYD6xzgvzUJ5Ek2jerwfO2eADyI6ExDSUED+1X8aMbegahsJi+8mgpw==}
    engines: {node: '>=18'}
    cpu: [ppc64]
    os: [aix]

  '@esbuild/android-arm64@0.27.2':
    resolution: {integrity: sha512-pvz8ZZ7ot/RBphf8fv60ljmaoydPU12VuXHImtAs0XhLLw+EXBi2BLe3OYSBslR4rryHvweW5gmkKFwTiFy6KA==}
    engines: {node: '>=18'}
    cpu: [arm64]
    os: [android]

  '@esbuild/android-arm@0.27.2':
    resolution: {integrity: sha512-DVNI8jlPa7Ujbr1yjU2PfUSRtAUZPG9I1RwW4F4xFB1Imiu2on0ADiI/c3td+KmDtVKNbi+nffGDQMfcIMkwIA==}
    engines: {node: '>=18'}
    cpu: [arm]
    os: [android]

  '@esbuild/android-x64@0.27.2':
    resolution: {integrity: sha512-z8Ank4Byh4TJJOh4wpz8g2vDy75zFL0TlZlkUkEwYXuPSgX8yzep596n6mT7905kA9uHZsf/o2OJZubl2l3M7A==}
    engines: {node: '>=18'}
    cpu: [x64]
    os: [android]

  '@esbuild/darwin-arm64@0.27.2':
    resolution: {integrity: sha512-davCD2Zc80nzDVRwXTcQP/28fiJbcOwvdolL0sOiOsbwBa72kegmVU0Wrh1MYrbuCL98Omp5dVhQFWRKR2ZAlg==}
    engines: {node: '>=18'}
    cpu: [arm64]
    os: [darwin]

  '@esbuild/darwin-x64@0.27.2':
    resolution: {integrity: sha512-ZxtijOmlQCBWGwbVmwOF/UCzuGIbUkqB1faQRf5akQmxRJ1ujusWsb3CVfk/9iZKr2L5SMU5wPBi1UWbvL+VQA==}
    engines: {node: '>=18'}
    cpu: [x64]
    os: [darwin]

  '@esbuild/freebsd-arm64@0.27.2':
    resolution: {integrity: sha512-lS/9CN+rgqQ9czogxlMcBMGd+l8Q3Nj1MFQwBZJyoEKI50XGxwuzznYdwcav6lpOGv5BqaZXqvBSiB/kJ5op+g==}
    engines: {node: '>=18'}
    cpu: [arm64]
    os: [freebsd]

  '@esbuild/freebsd-x64@0.27.2':
    resolution: {integrity: sha512-tAfqtNYb4YgPnJlEFu4c212HYjQWSO/w/h/lQaBK7RbwGIkBOuNKQI9tqWzx7Wtp7bTPaGC6MJvWI608P3wXYA==}
    engines: {node: '>=18'}
    cpu: [x64]
    os: [freebsd]

  '@esbuild/linux-arm64@0.27.2':
    resolution: {integrity: sha512-hYxN8pr66NsCCiRFkHUAsxylNOcAQaxSSkHMMjcpx0si13t1LHFphxJZUiGwojB1a/Hd5OiPIqDdXONia6bhTw==}
    engines: {node: '>=18'}
    cpu: [arm64]
    os: [linux]

  '@esbuild/linux-arm@0.27.2':
    resolution: {integrity: sha512-vWfq4GaIMP9AIe4yj1ZUW18RDhx6EPQKjwe7n8BbIecFtCQG4CfHGaHuh7fdfq+y3LIA2vGS/o9ZBGVxIDi9hw==}
    engines: {node: '>=18'}
    cpu: [arm]
    os: [linux]

  '@esbuild/linux-ia32@0.27.2':
    resolution: {integrity: sha512-MJt5BRRSScPDwG2hLelYhAAKh9imjHK5+NE/tvnRLbIqUWa+0E9N4WNMjmp/kXXPHZGqPLxggwVhz7QP8CTR8w==}
    engines: {node: '>=18'}
    cpu: [ia32]
    os: [linux]

  '@esbuild/linux-loong64@0.27.2':
    resolution: {integrity: sha512-lugyF1atnAT463aO6KPshVCJK5NgRnU4yb3FUumyVz+cGvZbontBgzeGFO1nF+dPueHD367a2ZXe1NtUkAjOtg==}
    engines: {node: '>=18'}
    cpu: [loong64]
    os: [linux]

  '@esbuild/linux-mips64el@0.27.2':
    resolution: {integrity: sha512-nlP2I6ArEBewvJ2gjrrkESEZkB5mIoaTswuqNFRv/WYd+ATtUpe9Y09RnJvgvdag7he0OWgEZWhviS1OTOKixw==}
    engines: {node: '>=18'}
    cpu: [mips64el]
    os: [linux]

  '@esbuild/linux-ppc64@0.27.2':
    resolution: {integrity: sha512-C92gnpey7tUQONqg1n6dKVbx3vphKtTHJaNG2Ok9lGwbZil6DrfyecMsp9CrmXGQJmZ7iiVXvvZH6Ml5hL6XdQ==}
    engines: {node: '>=18'}
    cpu: [ppc64]
    os: [linux]

  '@esbuild/linux-riscv64@0.27.2':
    resolution: {integrity: sha512-B5BOmojNtUyN8AXlK0QJyvjEZkWwy/FKvakkTDCziX95AowLZKR6aCDhG7LeF7uMCXEJqwa8Bejz5LTPYm8AvA==}
    engines: {node: '>=18'}
    cpu: [riscv64]
    os: [linux]

  '@esbuild/linux-s390x@0.27.2':
    resolution: {integrity: sha512-p4bm9+wsPwup5Z8f4EpfN63qNagQ47Ua2znaqGH6bqLlmJ4bx97Y9JdqxgGZ6Y8xVTixUnEkoKSHcpRlDnNr5w==}
    engines: {node: '>=18'}
    cpu: [s390x]
    os: [linux]

  '@esbuild/linux-x64@0.27.2':
    resolution: {integrity: sha512-uwp2Tip5aPmH+NRUwTcfLb+W32WXjpFejTIOWZFw/v7/KnpCDKG66u4DLcurQpiYTiYwQ9B7KOeMJvLCu/OvbA==}
    engines: {node: '>=18'}
    cpu: [x64]
    os: [linux]

  '@esbuild/netbsd-arm64@0.27.2':
    resolution: {integrity: sha512-Kj6DiBlwXrPsCRDeRvGAUb/LNrBASrfqAIok+xB0LxK8CHqxZ037viF13ugfsIpePH93mX7xfJp97cyDuTZ3cw==}
    engines: {node: '>=18'}
    cpu: [arm64]
    os: [netbsd]

  '@esbuild/netbsd-x64@0.27.2':
    resolution: {integrity: sha512-HwGDZ0VLVBY3Y+Nw0JexZy9o/nUAWq9MlV7cahpaXKW6TOzfVno3y3/M8Ga8u8Yr7GldLOov27xiCnqRZf0tCA==}
    engines: {node: '>=18'}
    cpu: [x64]
    os: [netbsd]

  '@esbuild/openbsd-arm64@0.27.2':
    resolution: {integrity: sha512-DNIHH2BPQ5551A7oSHD0CKbwIA/Ox7+78/AWkbS5QoRzaqlev2uFayfSxq68EkonB+IKjiuxBFoV8ESJy8bOHA==}
    engines: {node: '>=18'}
    cpu: [arm64]
    os: [openbsd]

  '@esbuild/openbsd-x64@0.27.2':
    resolution: {integrity: sha512-/it7w9Nb7+0KFIzjalNJVR5bOzA9Vay+yIPLVHfIQYG/j+j9VTH84aNB8ExGKPU4AzfaEvN9/V4HV+F+vo8OEg==}
    engines: {node: '>=18'}
    cpu: [x64]
    os: [openbsd]

  '@esbuild/openharmony-arm64@0.27.2':
    resolution: {integrity: sha512-LRBbCmiU51IXfeXk59csuX/aSaToeG7w48nMwA6049Y4J4+VbWALAuXcs+qcD04rHDuSCSRKdmY63sruDS5qag==}
    engines: {node: '>=18'}
    cpu: [arm64]
    os: [openharmony]

  '@esbuild/sunos-x64@0.27.2':
    resolution: {integrity: sha512-kMtx1yqJHTmqaqHPAzKCAkDaKsffmXkPHThSfRwZGyuqyIeBvf08KSsYXl+abf5HDAPMJIPnbBfXvP2ZC2TfHg==}
    engines: {node: '>=18'}
    cpu: [x64]
    os: [sunos]

  '@esbuild/win32-arm64@0.27.2':
    resolution: {integrity: sha512-Yaf78O/B3Kkh+nKABUF++bvJv5Ijoy9AN1ww904rOXZFLWVc5OLOfL56W+C8F9xn5JQZa3UX6m+IktJnIb1Jjg==}
    engines: {node: '>=18'}
    cpu: [arm64]
    os: [win32]

  '@esbuild/win32-ia32@0.27.2':
    resolution: {integrity: sha512-Iuws0kxo4yusk7sw70Xa2E2imZU5HoixzxfGCdxwBdhiDgt9vX9VUCBhqcwY7/uh//78A1hMkkROMJq9l27oLQ==}
    engines: {node: '>=18'}
    cpu: [ia32]
    os: [win32]

  '@esbuild/win32-x64@0.27.2':
    resolution: {integrity: sha512-sRdU18mcKf7F+YgheI/zGf5alZatMUTKj/jNS6l744f9u3WFu4v7twcUI9vu4mknF4Y9aDlblIie0IM+5xxaqQ==}
    engines: {node: '>=18'}
    cpu: [x64]
    os: [win32]

  '@jiaminghi/bezier-curve@0.0.9':
    resolution: {integrity: sha512-u9xJPOEl6Dri2E9FfmJoGxYQY7vYJkURNX04Vj64tdi535tPrpkuf9Sm0lNr3QTKdHQh0DdNRsaa62FLQNQEEw==}

  '@jiaminghi/c-render@0.4.3':
    resolution: {integrity: sha512-FJfzj5hGj7MLqqqI2D7vEzHKbQ1Ynnn7PJKgzsjXaZpJzTqs2Yw5OSeZnm6l7Qj7jyPAP53lFvEQNH4o4j6s+Q==}

  '@jiaminghi/charts@0.2.18':
    resolution: {integrity: sha512-K+HXaOOeWG9OOY1VG6M4mBreeeIAPhb9X+khG651AbnwEwL6G2UtcAQ8GWCq6GzhczcLwwhIhuaHqRygwHC0sA==}

  '@jiaminghi/color@1.1.3':
    resolution: {integrity: sha512-ZY3hdorgODk4OSTbxyXBPxAxHPIVf9rPlKJyK1C1db46a50J0reFKpAvfZG8zMG3lvM60IR7Qawgcu4ZDO3+Hg==}

  '@jiaminghi/transition@1.1.11':
    resolution: {integrity: sha512-owBggipoHMikDHHDW5Gc7RZYlVuvxHADiU4bxfjBVkHDAmmck+fCkm46n2JzC3j33hWvP9nSCAeh37t6stgWeg==}

  '@jridgewell/sourcemap-codec@1.5.5':
    resolution: {integrity: sha512-cYQ9310grqxueWbl+WuIUIaiUaDcj7WOq5fVhEljNVgRfOUhY9fy2zTvfoqWsnebh8Sl70VScFbICvJnLKB0Og==}

  '@kjgl77/datav-vue3@1.7.4':
    resolution: {integrity: sha512-zYVTVKkklUxwtiNKS1qPBilm4rTW+WItfp0zVpaRAI8wgXkLSPbDR9xPq2+UcU/Jft7/DVdMfBp709E2ResuPQ==}

  '@rolldown/pluginutils@1.0.0-beta.53':
    resolution: {integrity: sha512-vENRlFU4YbrwVqNDZ7fLvy+JR1CRkyr01jhSiDpE1u6py3OMzQfztQU2jxykW3ALNxO4kSlqIDeYyD0Y9RcQeQ==}

  '@rollup/rollup-android-arm-eabi@4.53.5':
    resolution: {integrity: sha512-iDGS/h7D8t7tvZ1t6+WPK04KD0MwzLZrG0se1hzBjSi5fyxlsiggoJHwh18PCFNn7tG43OWb6pdZ6Y+rMlmyNQ==}
    cpu: [arm]
    os: [android]

  '@rollup/rollup-android-arm64@4.53.5':
    resolution: {integrity: sha512-wrSAViWvZHBMMlWk6EJhvg8/rjxzyEhEdgfMMjREHEq11EtJ6IP6yfcCH57YAEca2Oe3FNCE9DSTgU70EIGmVw==}
    cpu: [arm64]
    os: [android]

  '@rollup/rollup-darwin-arm64@4.53.5':
    resolution: {integrity: sha512-S87zZPBmRO6u1YXQLwpveZm4JfPpAa6oHBX7/ghSiGH3rz/KDgAu1rKdGutV+WUI6tKDMbaBJomhnT30Y2t4VQ==}
    cpu: [arm64]
    os: [darwin]

  '@rollup/rollup-darwin-x64@4.53.5':
    resolution: {integrity: sha512-YTbnsAaHo6VrAczISxgpTva8EkfQus0VPEVJCEaboHtZRIb6h6j0BNxRBOwnDciFTZLDPW5r+ZBmhL/+YpTZgA==}
    cpu: [x64]
    os: [darwin]

  '@rollup/rollup-freebsd-arm64@4.53.5':
    resolution: {integrity: sha512-1T8eY2J8rKJWzaznV7zedfdhD1BqVs1iqILhmHDq/bqCUZsrMt+j8VCTHhP0vdfbHK3e1IQ7VYx3jlKqwlf+vw==}
    cpu: [arm64]
    os: [freebsd]

  '@rollup/rollup-freebsd-x64@4.53.5':
    resolution: {integrity: sha512-sHTiuXyBJApxRn+VFMaw1U+Qsz4kcNlxQ742snICYPrY+DDL8/ZbaC4DVIB7vgZmp3jiDaKA0WpBdP0aqPJoBQ==}
    cpu: [x64]
    os: [freebsd]

  '@rollup/rollup-linux-arm-gnueabihf@4.53.5':
    resolution: {integrity: sha512-dV3T9MyAf0w8zPVLVBptVlzaXxka6xg1f16VAQmjg+4KMSTWDvhimI/Y6mp8oHwNrmnmVl9XxJ/w/mO4uIQONA==}
    cpu: [arm]
    os: [linux]
    libc: [glibc]

  '@rollup/rollup-linux-arm-musleabihf@4.53.5':
    resolution: {integrity: sha512-wIGYC1x/hyjP+KAu9+ewDI+fi5XSNiUi9Bvg6KGAh2TsNMA3tSEs+Sh6jJ/r4BV/bx/CyWu2ue9kDnIdRyafcQ==}
    cpu: [arm]
    os: [linux]
    libc: [musl]

  '@rollup/rollup-linux-arm64-gnu@4.53.5':
    resolution: {integrity: sha512-Y+qVA0D9d0y2FRNiG9oM3Hut/DgODZbU9I8pLLPwAsU0tUKZ49cyV1tzmB/qRbSzGvY8lpgGkJuMyuhH7Ma+Vg==}
    cpu: [arm64]
    os: [linux]
    libc: [glibc]

  '@rollup/rollup-linux-arm64-musl@4.53.5':
    resolution: {integrity: sha512-juaC4bEgJsyFVfqhtGLz8mbopaWD+WeSOYr5E16y+1of6KQjc0BpwZLuxkClqY1i8sco+MdyoXPNiCkQou09+g==}
    cpu: [arm64]
    os: [linux]
    libc: [musl]

  '@rollup/rollup-linux-loong64-gnu@4.53.5':
    resolution: {integrity: sha512-rIEC0hZ17A42iXtHX+EPJVL/CakHo+tT7W0pbzdAGuWOt2jxDFh7A/lRhsNHBcqL4T36+UiAgwO8pbmn3dE8wA==}
    cpu: [loong64]
    os: [linux]
    libc: [glibc]

  '@rollup/rollup-linux-ppc64-gnu@4.53.5':
    resolution: {integrity: sha512-T7l409NhUE552RcAOcmJHj3xyZ2h7vMWzcwQI0hvn5tqHh3oSoclf9WgTl+0QqffWFG8MEVZZP1/OBglKZx52Q==}
    cpu: [ppc64]
    os: [linux]
    libc: [glibc]

  '@rollup/rollup-linux-riscv64-gnu@4.53.5':
    resolution: {integrity: sha512-7OK5/GhxbnrMcxIFoYfhV/TkknarkYC1hqUw1wU2xUN3TVRLNT5FmBv4KkheSG2xZ6IEbRAhTooTV2+R5Tk0lQ==}
    cpu: [riscv64]
    os: [linux]
    libc: [glibc]

  '@rollup/rollup-linux-riscv64-musl@4.53.5':
    resolution: {integrity: sha512-GwuDBE/PsXaTa76lO5eLJTyr2k8QkPipAyOrs4V/KJufHCZBJ495VCGJol35grx9xryk4V+2zd3Ri+3v7NPh+w==}
    cpu: [riscv64]
    os: [linux]
    libc: [musl]

  '@rollup/rollup-linux-s390x-gnu@4.53.5':
    resolution: {integrity: sha512-IAE1Ziyr1qNfnmiQLHBURAD+eh/zH1pIeJjeShleII7Vj8kyEm2PF77o+lf3WTHDpNJcu4IXJxNO0Zluro8bOw==}
    cpu: [s390x]
    os: [linux]
    libc: [glibc]

  '@rollup/rollup-linux-x64-gnu@4.53.5':
    resolution: {integrity: sha512-Pg6E+oP7GvZ4XwgRJBuSXZjcqpIW3yCBhK4BcsANvb47qMvAbCjR6E+1a/U2WXz1JJxp9/4Dno3/iSJLcm5auw==}
    cpu: [x64]
    os: [linux]
    libc: [glibc]

  '@rollup/rollup-linux-x64-musl@4.53.5':
    resolution: {integrity: sha512-txGtluxDKTxaMDzUduGP0wdfng24y1rygUMnmlUJ88fzCCULCLn7oE5kb2+tRB+MWq1QDZT6ObT5RrR8HFRKqg==}
    cpu: [x64]
    os: [linux]
    libc: [musl]

  '@rollup/rollup-openharmony-arm64@4.53.5':
    resolution: {integrity: sha512-3DFiLPnTxiOQV993fMc+KO8zXHTcIjgaInrqlG8zDp1TlhYl6WgrOHuJkJQ6M8zHEcntSJsUp1XFZSY8C1DYbg==}
    cpu: [arm64]
    os: [openharmony]

  '@rollup/rollup-win32-arm64-msvc@4.53.5':
    resolution: {integrity: sha512-nggc/wPpNTgjGg75hu+Q/3i32R00Lq1B6N1DO7MCU340MRKL3WZJMjA9U4K4gzy3dkZPXm9E1Nc81FItBVGRlA==}
    cpu: [arm64]
    os: [win32]

  '@rollup/rollup-win32-ia32-msvc@4.53.5':
    resolution: {integrity: sha512-U/54pTbdQpPLBdEzCT6NBCFAfSZMvmjr0twhnD9f4EIvlm9wy3jjQ38yQj1AGznrNO65EWQMgm/QUjuIVrYF9w==}
    cpu: [ia32]
    os: [win32]

  '@rollup/rollup-win32-x64-gnu@4.53.5':
    resolution: {integrity: sha512-2NqKgZSuLH9SXBBV2dWNRCZmocgSOx8OJSdpRaEcRlIfX8YrKxUT6z0F1NpvDVhOsl190UFTRh2F2WDWWCYp3A==}
    cpu: [x64]
    os: [win32]

  '@rollup/rollup-win32-x64-msvc@4.53.5':
    resolution: {integrity: sha512-JRpZUhCfhZ4keB5v0fe02gQJy05GqboPOaxvjugW04RLSYYoB/9t2lx2u/tMs/Na/1NXfY8QYjgRljRpN+MjTQ==}
    cpu: [x64]
    os: [win32]

  '@types/estree@1.0.8':
    resolution: {integrity: sha512-dWHzHa2WqEXI/O1E9OjrocMTKJl2mSrEolh1Iomrv6U+JuNwaHXsXx9bLu5gG7BUWFIN0skIQJQ/L1rIex4X6w==}

  '@types/node@24.10.4':
    resolution: {integrity: sha512-vnDVpYPMzs4wunl27jHrfmwojOGKya0xyM3sH+UE5iv5uPS6vX7UIoh6m+vQc5LGBq52HBKPIn/zcSZVzeDEZg==}

  '@types/web-bluetooth@0.0.20':
    resolution: {integrity: sha512-g9gZnnXVq7gM7v3tJCWV/qw7w+KeOlSHAhgF9RytFyifW6AF61hdT2ucrYhPq9hLs5JIryeupHV3qGk95dH9ow==}

  '@vitejs/plugin-vue@6.0.3':
    resolution: {integrity: sha512-TlGPkLFLVOY3T7fZrwdvKpjprR3s4fxRln0ORDo1VQ7HHyxJwTlrjKU3kpVWTlaAjIEuCTokmjkZnr8Tpc925w==}
    engines: {node: ^20.19.0 || >=22.12.0}
    peerDependencies:
      vite: ^5.0.0 || ^6.0.0 || ^7.0.0 || ^8.0.0-0
      vue: ^3.2.25

  '@volar/language-core@2.4.26':
    resolution: {integrity: sha512-hH0SMitMxnB43OZpyF1IFPS9bgb2I3bpCh76m2WEK7BE0A0EzpYsRp0CCH2xNKshr7kacU5TQBLYn4zj7CG60A==}

  '@volar/source-map@2.4.26':
    resolution: {integrity: sha512-JJw0Tt/kSFsIRmgTQF4JSt81AUSI1aEye5Zl65EeZ8H35JHnTvFGmpDOBn5iOxd48fyGE+ZvZBp5FcgAy/1Qhw==}

  '@volar/typescript@2.4.26':
    resolution: {integrity: sha512-N87ecLD48Sp6zV9zID/5yuS1+5foj0DfuYGdQ6KHj/IbKvyKv1zNX6VCmnKYwtmHadEO6mFc2EKISiu3RDPAvA==}

  '@vue/compiler-core@3.5.25':
    resolution: {integrity: sha512-vay5/oQJdsNHmliWoZfHPoVZZRmnSWhug0BYT34njkYTPqClh3DNWLkZNJBVSjsNMrg0CCrBfoKkjZQPM/QVUw==}

  '@vue/compiler-dom@3.5.25':
    resolution: {integrity: sha512-4We0OAcMZsKgYoGlMjzYvaoErltdFI2/25wqanuTu+S4gismOTRTBPi4IASOjxWdzIwrYSjnqONfKvuqkXzE2Q==}

  '@vue/compiler-sfc@3.5.25':
    resolution: {integrity: sha512-PUgKp2rn8fFsI++lF2sO7gwO2d9Yj57Utr5yEsDf3GNaQcowCLKL7sf+LvVFvtJDXUp/03+dC6f2+LCv5aK1ag==}

  '@vue/compiler-ssr@3.5.25':
    resolution: {integrity: sha512-ritPSKLBcParnsKYi+GNtbdbrIE1mtuFEJ4U1sWeuOMlIziK5GtOL85t5RhsNy4uWIXPgk+OUdpnXiTdzn8o3A==}

  '@vue/language-core@3.1.8':
    resolution: {integrity: sha512-PfwAW7BLopqaJbneChNL6cUOTL3GL+0l8paYP5shhgY5toBNidWnMXWM+qDwL7MC9+zDtzCF2enT8r6VPu64iw==}
    peerDependencies:
      typescript: '*'
    peerDependenciesMeta:
      typescript:
        optional: true

  '@vue/reactivity@3.5.25':
    resolution: {integrity: sha512-5xfAypCQepv4Jog1U4zn8cZIcbKKFka3AgWHEFQeK65OW+Ys4XybP6z2kKgws4YB43KGpqp5D/K3go2UPPunLA==}

  '@vue/runtime-core@3.5.25':
    resolution: {integrity: sha512-Z751v203YWwYzy460bzsYQISDfPjHTl+6Zzwo/a3CsAf+0ccEjQ8c+0CdX1WsumRTHeywvyUFtW6KvNukT/smA==}

  '@vue/runtime-dom@3.5.25':
    resolution: {integrity: sha512-a4WrkYFbb19i9pjkz38zJBg8wa/rboNERq3+hRRb0dHiJh13c+6kAbgqCPfMaJ2gg4weWD3APZswASOfmKwamA==}

  '@vue/server-renderer@3.5.25':
    resolution: {integrity: sha512-UJaXR54vMG61i8XNIzTSf2Q7MOqZHpp8+x3XLGtE3+fL+nQd+k7O5+X3D/uWrnQXOdMw5VPih+Uremcw+u1woQ==}
    peerDependencies:
      vue: 3.5.25

  '@vue/shared@3.5.25':
    resolution: {integrity: sha512-AbOPdQQnAnzs58H2FrrDxYj/TJfmeS2jdfEEhgiKINy+bnOANmVizIEgq1r+C5zsbs6l1CCQxtcj71rwNQ4jWg==}

  '@vue/tsconfig@0.8.1':
    resolution: {integrity: sha512-aK7feIWPXFSUhsCP9PFqPyFOcz4ENkb8hZ2pneL6m2UjCkccvaOhC/5KCKluuBufvp2KzkbdA2W2pk20vLzu3g==}
    peerDependencies:
      typescript: 5.x
      vue: ^3.4.0
    peerDependenciesMeta:
      typescript:
        optional: true
      vue:
        optional: true

  '@vueuse/core@10.11.1':
    resolution: {integrity: sha512-guoy26JQktXPcz+0n3GukWIy/JDNKti9v6VEMu6kV2sYBsWuGiTU8OWdg+ADfUbHg3/3DlqySDe7JmdHrktiww==}

  '@vueuse/metadata@10.11.1':
    resolution: {integrity: sha512-IGa5FXd003Ug1qAZmyE8wF3sJ81xGLSqTqtQ6jaVfkeZ4i5kS2mwQF61yhVqojRnenVew5PldLyRgvdl4YYuSw==}

  '@vueuse/shared@10.11.1':
    resolution: {integrity: sha512-LHpC8711VFZlDaYUXEBbFBCQ7GS3dVU9mjOhhMhXP6txTV4EhYQg/KGnQuvt/sPAtoUKq7VVUnL6mVtFoL42sA==}

  alien-signals@3.1.1:
    resolution: {integrity: sha512-ogkIWbVrLwKtHY6oOAXaYkAxP+cTH7V5FZ5+Tm4NZFd8VDZ6uNMDrfzqctTZ42eTMCSR3ne3otpcxmqSnFfPYA==}

  ansi-regex@5.0.1:
    resolution: {integrity: sha512-quJQXlTSUGL2LH9SUXo8VwsY4soanhgo6LNSm84E1LBcE8s3O0wpdiRzyR9z/ZZJMlMWv37qOOb9pdJlMUEKFQ==}
    engines: {node: '>=8'}

  ansi-styles@4.3.0:
    resolution: {integrity: sha512-zbB9rCJAT1rbjiVDb2hqKFHNYLxgtk8NURxZ3IZwD3F6NtxbXZQCnnSi1Lkx+IDohdPlFp222wVALIheZJQSEg==}
    engines: {node: '>=8'}

  chalk@4.1.2:
    resolution: {integrity: sha512-oKnbhFyRIXpUuez8iBMmyEa4nbj4IOQyuhc/wy9kY7/WVPcwIO9VA668Pu8RkO7+0G76SLROeyw9CpQ061i4mA==}
    engines: {node: '>=10'}

  cliui@8.0.1:
    resolution: {integrity: sha512-BSeNnyus75C4//NQ9gQt1/csTXyo/8Sb+afLAkzAptFuMsod9HFokGNudZpi/oQV73hnVK+sR+5PVRMd+Dr7YQ==}
    engines: {node: '>=12'}

  color-convert@2.0.1:
    resolution: {integrity: sha512-RRECPsj7iu/xb5oKYcsFHSppFNnsj/52OVTRKb4zP5onXwVF3zVmmToNcOfGC+CRDpfK/U584fMg38ZHCaElKQ==}
    engines: {node: '>=7.0.0'}

  color-name@1.1.4:
    resolution: {integrity: sha512-dOy+3AuW3a2wNbZHIuMZpTcgjGuLU/uBL/ubcZF9OXbDo8ff4O8yVp5Bf0efS8uEoYo5q4Fx7dY9OgQGXgAsQA==}

  copy-anything@2.0.6:
    resolution: {integrity: sha512-1j20GZTsvKNkc4BY3NpMOM8tt///wY3FpIzozTOFO2ffuZcV61nojHXVKIy3WM+7ADCy5FVhdZYHYDdgTU0yJw==}

  csstype@3.2.3:
    resolution: {integrity: sha512-z1HGKcYy2xA8AGQfwrn0PAy+PB7X/GSj3UVJW9qKyn43xWa+gl5nXmU4qqLMRzWVLFC8KusUX8T/0kCiOYpAIQ==}

  debug@4.4.3:
    resolution: {integrity: sha512-RGwwWnwQvkVfavKVt22FGLw+xYSdzARwm0ru6DhTVA3umU5hZc28V3kO4stgYryrTlLpuvgI9GiijltAjNbcqA==}
    engines: {node: '>=6.0'}
    peerDependencies:
      supports-color: '*'
    peerDependenciesMeta:
      supports-color:
        optional: true

  define-lazy-prop@2.0.0:
    resolution: {integrity: sha512-Ds09qNh8yw3khSjiJjiUInaGX9xlqZDY7JVryGxdxV7NPeuqQfplOpQ66yJFZut3jLa5zOwkXw1g9EI2uKh4Og==}
    engines: {node: '>=8'}

  echarts@6.0.0:
    resolution: {integrity: sha512-Tte/grDQRiETQP4xz3iZWSvoHrkCQtwqd6hs+mifXcjrCuo2iKWbajFObuLJVBlDIJlOzgQPd1hsaKt/3+OMkQ==}

  emoji-regex@8.0.0:
    resolution: {integrity: sha512-MSjYzcWNOA0ewAHpz0MxpYFvwg6yjy1NG3xteoqz644VCo/RPgnr1/GGt+ic3iJTzQ8Eu3TdM14SawnVUmGE6A==}

  entities@4.5.0:
    resolution: {integrity: sha512-V0hjH4dGPh9Ao5p0MoRY6BVqtwCjhz6vI5LT8AJ55H+4g9/4vbHx1I54fS0XuclLhDHArPQCiMjDxjaL8fPxhw==}
    engines: {node: '>=0.12'}

  errno@0.1.8:
    resolution: {integrity: sha512-dJ6oBr5SQ1VSd9qkk7ByRgb/1SH4JZjCHSW/mr63/QcXO9zLVxvJ6Oy13nio03rxpSnVDDjFor75SjVeZWPW/A==}
    hasBin: true

  esbuild@0.27.2:
    resolution: {integrity: sha512-HyNQImnsOC7X9PMNaCIeAm4ISCQXs5a5YasTXVliKv4uuBo1dKrG0A+uQS8M5eXjVMnLg3WgXaKvprHlFJQffw==}
    engines: {node: '>=18'}
    hasBin: true

  escalade@3.2.0:
    resolution: {integrity: sha512-WUj2qlxaQtO4g6Pq5c29GTcWGDyd8itL8zTlipgECz3JesAiiOKotd8JU6otB3PACgG6xkJUyVhboMS+bje/jA==}
    engines: {node: '>=6'}

  estree-walker@2.0.2:
    resolution: {integrity: sha512-Rfkk/Mp/DL7JVje3u18FxFujQlTNR2q6QfMSMB7AvCBx91NGj/ba3kCfza0f6dVDbw7YlRf/nDrn7pQrCCyQ/w==}

  fdir@6.5.0:
    resolution: {integrity: sha512-tIbYtZbucOs0BRGqPJkshJUYdL+SDH7dVM8gjy+ERp3WAUjLEFJE+02kanyHtwjWOnwrKYBiwAmM0p4kLJAnXg==}
    engines: {node: '>=12.0.0'}
    peerDependencies:
      picomatch: ^3 || ^4
    peerDependenciesMeta:
      picomatch:
        optional: true

  fs-extra@10.1.0:
    resolution: {integrity: sha512-oRXApq54ETRj4eMiFzGnHWGy+zo5raudjuxN0b8H7s/RU2oW0Wvsx9O0ACRN/kRq9E8Vu/ReskGB5o3ji+FzHQ==}
    engines: {node: '>=12'}

  fsevents@2.3.3:
    resolution: {integrity: sha512-5xoDfX+fL7faATnagmWPpbFtwh/R77WmMMqqHGS65C3vvB0YHrgF+B1YmZ3441tMj5n63k0212XNoJwzlhffQw==}
    engines: {node: ^8.16.0 || ^10.6.0 || >=11.0.0}
    os: [darwin]

  get-caller-file@2.0.5:
    resolution: {integrity: sha512-DyFP3BM/3YHTQOCUL/w0OZHR0lpKeGrxotcHWcqNEdnltqFwXVfhEBQ94eIo34AfQpo0rGki4cyIiftY06h2Fg==}
    engines: {node: 6.* || 8.* || >= 10.*}

  graceful-fs@4.2.11:
    resolution: {integrity: sha512-RbJ5/jmFcNNCcDV5o9eTnBLJ/HszWV0P73bc+Ff4nS/rJj+YaS6IGyiOL0VoBYX+l1Wrl3k63h/KrH+nhJ0XvQ==}

  has-flag@4.0.0:
    resolution: {integrity: sha512-EykJT/Q1KjTWctppgIAgfSO0tKVuZUjhgMr17kqTumMl6Afv3EISleU7qZUzoXDFTAHTDC4NOoG/ZxU3EvlMPQ==}
    engines: {node: '>=8'}

  iconv-lite@0.6.3:
    resolution: {integrity: sha512-4fCk79wshMdzMp2rH06qWrJE4iolqLhCUH+OiuIgU++RB0+94NlDL81atO7GX55uUKueo0txHNtvEyI6D7WdMw==}
    engines: {node: '>=0.10.0'}

  image-size@0.5.5:
    resolution: {integrity: sha512-6TDAlDPZxUFCv+fuOkIoXT/V/f3Qbq8e37p+YOiYrUv3v9cc3/6x78VdfPgFVaB9dZYeLUfKgHRebpkm/oP2VQ==}
    engines: {node: '>=0.10.0'}
    hasBin: true

  is-docker@2.2.1:
    resolution: {integrity: sha512-F+i2BKsFrH66iaUFc0woD8sLy8getkwTwtOBjvs56Cx4CgJDeKQeqfz8wAYiSb8JOprWhHH5p77PbmYCvvUuXQ==}
    engines: {node: '>=8'}
    hasBin: true

  is-fullwidth-code-point@3.0.0:
    resolution: {integrity: sha512-zymm5+u+sCsSWyD9qNaejV3DFvhCKclKdizYaJUuHA83RLjb7nSuGnddCHGv0hk+KY7BMAlsWeK4Ueg6EV6XQg==}
    engines: {node: '>=8'}

  is-what@3.14.1:
    resolution: {integrity: sha512-sNxgpk9793nzSs7bA6JQJGeIuRBQhAaNGG77kzYQgMkrID+lS6SlK07K5LaptscDlSaIgH+GPFzf+d75FVxozA==}

  is-wsl@2.2.0:
    resolution: {integrity: sha512-fKzAra0rGJUUBwGBgNkHZuToZcn+TtXHpeCgmkMJMMYx1sQDYaCSyjJBSCa2nH1DGm7s3n1oBnohoVTBaN7Lww==}
    engines: {node: '>=8'}

  jsonfile@6.2.0:
    resolution: {integrity: sha512-FGuPw30AdOIUTRMC2OMRtQV+jkVj2cfPqSeWXv1NEAJ1qZ5zb1X6z1mFhbfOB/iy3ssJCD+3KuZ8r8C3uVFlAg==}

  less@4.5.1:
    resolution: {integrity: sha512-UKgI3/KON4u6ngSsnDADsUERqhZknsVZbnuzlRZXLQCmfC/MDld42fTydUE9B+Mla1AL6SJ/Pp6SlEFi/AVGfw==}
    engines: {node: '>=14'}
    hasBin: true

  magic-string@0.30.21:
    resolution: {integrity: sha512-vd2F4YUyEXKGcLHoq+TEyCjxueSeHnFxyyjNp80yg0XV4vUhnDer/lvvlqM/arB5bXQN5K2/3oinyCRyx8T2CQ==}

  make-dir@2.1.0:
    resolution: {integrity: sha512-LS9X+dc8KLxXCb8dni79fLIIUA5VyZoyjSMCwTluaXA0o27cCK0bhXkpgw+sTXVpPy/lSO57ilRixqk0vDmtRA==}
    engines: {node: '>=6'}

  mime@1.6.0:
    resolution: {integrity: sha512-x0Vn8spI+wuJ1O6S7gnbaQg8Pxh4NNHb7KSINmEWKiPE4RKOplvijn+NkmYmmRgP68mc70j2EbeTFRsrswaQeg==}
    engines: {node: '>=4'}
    hasBin: true

  ms@2.1.3:
    resolution: {integrity: sha512-6FlzubTLZG3J2a/NVCAleEhjzq5oxgHyaCU9yYXvcLsvoVaHJq/s5xXI6/XXP6tz7R9xAOtHnSO/tXtF3WRTlA==}

  muggle-string@0.4.1:
    resolution: {integrity: sha512-VNTrAak/KhO2i8dqqnqnAHOa3cYBwXEZe9h+D5h/1ZqFSTEFHdM65lR7RoIqq3tBBYavsOXV84NoHXZ0AkPyqQ==}

  nanoid@3.3.11:
    resolution: {integrity: sha512-N8SpfPUnUp1bK+PMYW8qSWdl9U+wwNWI4QKxOYDy9JAro3WMX7p2OeVRF9v+347pnakNevPmiHhNmZ2HbFA76w==}
    engines: {node: ^10 || ^12 || ^13.7 || ^14 || >=15.0.1}
    hasBin: true

  needle@3.3.1:
    resolution: {integrity: sha512-6k0YULvhpw+RoLNiQCRKOl09Rv1dPLr8hHnVjHqdolKwDrdNyk+Hmrthi4lIGPPz3r39dLx0hsF5s40sZ3Us4Q==}
    engines: {node: '>= 4.4.x'}
    hasBin: true

  open@8.4.2:
    resolution: {integrity: sha512-7x81NCL719oNbsq/3mh+hVrAWmFuEYUqrq/Iw3kUzH8ReypT9QQ0BLoJS7/G9k6N81XjW4qHWtjWwe/9eLy1EQ==}
    engines: {node: '>=12'}

  parse-node-version@1.0.1:
    resolution: {integrity: sha512-3YHlOa/JgH6Mnpr05jP9eDG254US9ek25LyIxZlDItp2iJtwyaXQb57lBYLdT3MowkUFYEV2XXNAYIPlESvJlA==}
    engines: {node: '>= 0.10'}

  path-browserify@1.0.1:
    resolution: {integrity: sha512-b7uo2UCUOYZcnF/3ID0lulOJi/bafxa1xPe7ZPsammBSpjSWQkjNxlt635YGS2MiR9GjvuXCtz2emr3jbsz98g==}

  picocolors@1.1.1:
    resolution: {integrity: sha512-xceH2snhtb5M9liqDsmEw56le376mTZkEX/jEb/RxNFyegNul7eNslCXP9FDj/Lcu0X8KEyMceP2ntpaHrDEVA==}

  picomatch@4.0.3:
    resolution: {integrity: sha512-5gTmgEY/sqK6gFXLIsQNH19lWb4ebPDLA4SdLP7dsWkIXHWlG66oPuVvXSGFPppYZz8ZDZq0dYYrbHfBCVUb1Q==}
    engines: {node: '>=12'}

  pify@4.0.1:
    resolution: {integrity: sha512-uB80kBFb/tfd68bVleG9T5GGsGPjJrLAUpR5PZIrhBnIaRTQRjqdJSsIKkOP6OAIFbj7GOrcudc5pNjZ+geV2g==}
    engines: {node: '>=6'}

  postcss@8.5.6:
    resolution: {integrity: sha512-3Ybi1tAuwAP9s0r1UQ2J4n5Y0G05bJkpUIO0/bI9MhwmD70S5aTWbXGBwxHrelT+XM1k6dM0pk+SwNkpTRN7Pg==}
    engines: {node: ^10 || ^12 || >=14}

  prr@1.0.1:
    resolution: {integrity: sha512-yPw4Sng1gWghHQWj0B3ZggWUm4qVbPwPFcRG8KyxiU7J2OHFSoEHKS+EZ3fv5l1t9CyCiop6l/ZYeWbrgoQejw==}

  require-directory@2.1.1:
    resolution: {integrity: sha512-fGxEI7+wsG9xrvdjsrlmL22OMTTiHRwAMroiEeMgq8gzoLC/PQr7RsRDSTLUg/bZAZtF+TVIkHc6/4RIKrui+Q==}
    engines: {node: '>=0.10.0'}

  rollup-plugin-visualizer@6.0.5:
    resolution: {integrity: sha512-9+HlNgKCVbJDs8tVtjQ43US12eqaiHyyiLMdBwQ7vSZPiHMysGNo2E88TAp1si5wx8NAoYriI2A5kuKfIakmJg==}
    engines: {node: '>=18'}
    hasBin: true
    peerDependencies:
      rolldown: 1.x || ^1.0.0-beta
      rollup: 2.x || 3.x || 4.x
    peerDependenciesMeta:
      rolldown:
        optional: true
      rollup:
        optional: true

  rollup@4.53.5:
    resolution: {integrity: sha512-iTNAbFSlRpcHeeWu73ywU/8KuU/LZmNCSxp6fjQkJBD3ivUb8tpDrXhIxEzA05HlYMEwmtaUnb3RP+YNv162OQ==}
    engines: {node: '>=18.0.0', npm: '>=8.0.0'}
    hasBin: true

  safer-buffer@2.1.2:
    resolution: {integrity: sha512-YZo3K82SD7Riyi0E1EQPojLz7kpepnSQI9IyPbHHg1XXXevb5dJI7tpyN2ADxGcQbHG7vcyRHk0cbwqcQriUtg==}

  sax@1.4.3:
    resolution: {integrity: sha512-yqYn1JhPczigF94DMS+shiDMjDowYO6y9+wB/4WgO0Y19jWYk0lQ4tuG5KI7kj4FTp1wxPj5IFfcrz/s1c3jjQ==}

  semver@5.7.2:
    resolution: {integrity: sha512-cBznnQ9KjJqU67B52RMC65CMarK2600WFnbkcaiwWq3xy/5haFJlshgnpjovMVJ+Hff49d8GEn0b87C5pDQ10g==}
    hasBin: true

  source-map-js@1.2.1:
    resolution: {integrity: sha512-UXWMKhLOwVKb728IUtQPXxfYU+usdybtUrK/8uGE8CQMvrhOpwvzDBwj0QhSL7MQc7vIsISBG8VQ8+IDQxpfQA==}
    engines: {node: '>=0.10.0'}

  source-map@0.6.1:
    resolution: {integrity: sha512-UjgapumWlbMhkBgzT7Ykc5YXUT46F0iKu8SGXq0bcwP5dz/h0Plj6enJqjz1Zbq2l5WaqYnrVbwWOWMyF3F47g==}
    engines: {node: '>=0.10.0'}

  source-map@0.7.6:
    resolution: {integrity: sha512-i5uvt8C3ikiWeNZSVZNWcfZPItFQOsYTUAOkcUPGd8DqDy1uOUikjt5dG+uRlwyvR108Fb9DOd4GvXfT0N2/uQ==}
    engines: {node: '>= 12'}

  string-width@4.2.3:
    resolution: {integrity: sha512-wKyQRQpjJ0sIp62ErSZdGsjMJWsap5oRNihHhu6G7JVO/9jIB6UyevL+tXuOqrng8j/cxKTWyWUwvSTriiZz/g==}
    engines: {node: '>=8'}

  strip-ansi@6.0.1:
    resolution: {integrity: sha512-Y38VPSHcqkFrCpFnQ9vuSXmquuv5oXOKpGeT6aGrr3o3Gc9AlVa6JBfUSOCnbxGGZF+/0ooI7KrPuUSztUdU5A==}
    engines: {node: '>=8'}

  supports-color@7.2.0:
    resolution: {integrity: sha512-qpCAvRl9stuOHveKsn7HncJRvv501qIacKzQlO/+Lwxc9+0q2wLyv4Dfvt80/DPn2pqOBsJdDiogXGR9+OvwRw==}
    engines: {node: '>=8'}

  tinyglobby@0.2.15:
    resolution: {integrity: sha512-j2Zq4NyQYG5XMST4cbs02Ak8iJUdxRM0XI5QyxXuZOzKOINmWurp3smXu3y5wDcJrptwpSjgXHzIQxR0omXljQ==}
    engines: {node: '>=12.0.0'}

  tslib@2.3.0:
    resolution: {integrity: sha512-N82ooyxVNm6h1riLCoyS9e3fuJ3AMG2zIZs2Gd1ATcSFjSA23Q0fzjjZeh0jbJvWVDZ0cJT8yaNNaaXHzueNjg==}

  tslib@2.8.1:
    resolution: {integrity: sha512-oJFu94HQb+KVduSUQL7wnpmqnfmLsOA/nAh6b6EH0wCEoK0/mPeXU6c3wKDV83MkOuHPRHtSXKKU99IBazS/2w==}

  typescript@5.9.3:
    resolution: {integrity: sha512-jl1vZzPDinLr9eUt3J/t7V6FgNEw9QjvBPdysz9KfQDD41fQrC2Y4vKQdiaUpFT4bXlb1RHhLpp8wtm6M5TgSw==}
    engines: {node: '>=14.17'}
    hasBin: true

  undici-types@7.16.0:
    resolution: {integrity: sha512-Zz+aZWSj8LE6zoxD+xrjh4VfkIG8Ya6LvYkZqtUQGJPZjYl53ypCaUwWqo7eI0x66KBGeRo+mlBEkMSeSZ38Nw==}

  universalify@2.0.1:
    resolution: {integrity: sha512-gptHNQghINnc/vTGIk0SOFGFNXw7JVrlRUtConJRlvaw6DuX0wO5Jeko9sWrMBhh+PsYAZ7oXAiOnf/UKogyiw==}
    engines: {node: '>= 10.0.0'}

  vite-plugin-compression@0.5.1:
    resolution: {integrity: sha512-5QJKBDc+gNYVqL/skgFAP81Yuzo9R+EAf19d+EtsMF/i8kFUpNi3J/H01QD3Oo8zBQn+NzoCIFkpPLynoOzaJg==}
    peerDependencies:
      vite: '>=2.0.0'

  vite@7.3.0:
    resolution: {integrity: sha512-dZwN5L1VlUBewiP6H9s2+B3e3Jg96D0vzN+Ry73sOefebhYr9f94wwkMNN/9ouoU8pV1BqA1d1zGk8928cx0rg==}
    engines: {node: ^20.19.0 || >=22.12.0}
    hasBin: true
    peerDependencies:
      '@types/node': ^20.19.0 || >=22.12.0
      jiti: '>=1.21.0'
      less: ^4.0.0
      lightningcss: ^1.21.0
      sass: ^1.70.0
      sass-embedded: ^1.70.0
      stylus: '>=0.54.8'
      sugarss: ^5.0.0
      terser: ^5.16.0
      tsx: ^4.8.1
      yaml: ^2.4.2
    peerDependenciesMeta:
      '@types/node':
        optional: true
      jiti:
        optional: true
      less:
        optional: true
      lightningcss:
        optional: true
      sass:
        optional: true
      sass-embedded:
        optional: true
      stylus:
        optional: true
      sugarss:
        optional: true
      terser:
        optional: true
      tsx:
        optional: true
      yaml:
        optional: true

  vscode-uri@3.1.0:
    resolution: {integrity: sha512-/BpdSx+yCQGnCvecbyXdxHDkuk55/G3xwnC0GqY4gmQ3j+A+g8kzzgB4Nk/SINjqn6+waqw3EgbVF2QKExkRxQ==}

  vue-demi@0.14.10:
    resolution: {integrity: sha512-nMZBOwuzabUO0nLgIcc6rycZEebF6eeUfaiQx9+WSk8e29IbLvPU9feI6tqW4kTo3hvoYAJkMh8n8D0fuISphg==}
    engines: {node: '>=12'}
    hasBin: true
    peerDependencies:
      '@vue/composition-api': ^1.0.0-rc.1
      vue: ^3.0.0-0 || ^2.6.0
    peerDependenciesMeta:
      '@vue/composition-api':
        optional: true

  vue-tsc@3.1.8:
    resolution: {integrity: sha512-deKgwx6exIHeZwF601P1ktZKNF0bepaSN4jBU3AsbldPx9gylUc1JDxYppl82yxgkAgaz0Y0LCLOi+cXe9HMYA==}
    hasBin: true
    peerDependencies:
      typescript: '>=5.0.0'

  vue@3.5.25:
    resolution: {integrity: sha512-YLVdgv2K13WJ6n+kD5owehKtEXwdwXuj2TTyJMsO7pSeKw2bfRNZGjhB7YzrpbMYj5b5QsUebHpOqR3R3ziy/g==}
    peerDependencies:
      typescript: '*'
    peerDependenciesMeta:
      typescript:
        optional: true

  wrap-ansi@7.0.0:
    resolution: {integrity: sha512-YVGIj2kamLSTxw6NsZjoBxfSwsn0ycdesmc4p+Q21c5zPuZ1pl+NfxVdxPtdHvmNVOQ6XSYG4AUtyt/Fi7D16Q==}
    engines: {node: '>=10'}

  y18n@5.0.8:
    resolution: {integrity: sha512-0pfFzegeDWJHJIAmTLRP2DwHjdF5s7jo9tuztdQxAhINCdvS+3nGINqPd00AphqJR/0LhANUS6/+7SCb98YOfA==}
    engines: {node: '>=10'}

  yargs-parser@21.1.1:
    resolution: {integrity: sha512-tVpsJW7DdjecAiFpbIB1e3qxIQsE6NoPc5/eTdrbbIC4h0LVsWhnoa3g+m2HclBIujHzsxZ4VJVA+GUuc2/LBw==}
    engines: {node: '>=12'}

  yargs@17.7.2:
    resolution: {integrity: sha512-7dSzzRQ++CKnNI/krKnYRV7JKKPUXMEh61soaHKg9mrWEhzFWhFnxPxGl+69cD1Ou63C13NUPCnmIcrvqCuM6w==}
    engines: {node: '>=12'}

  zrender@6.0.0:
    resolution: {integrity: sha512-41dFXEEXuJpNecuUQq6JlbybmnHaqqpGlbH1yxnA5V9MMP4SbohSVZsJIwz+zdjQXSSlR1Vc34EgH1zxyTDvhg==}

snapshots:

  '@babel/helper-string-parser@7.27.1': {}

  '@babel/helper-validator-identifier@7.28.5': {}

  '@babel/parser@7.28.5':
    dependencies:
      '@babel/types': 7.28.5

  '@babel/runtime@7.28.4': {}

  '@babel/types@7.28.5':
    dependencies:
      '@babel/helper-string-parser': 7.27.1
      '@babel/helper-validator-identifier': 7.28.5

  '@esbuild/aix-ppc64@0.27.2':
    optional: true

  '@esbuild/android-arm64@0.27.2':
    optional: true

  '@esbuild/android-arm@0.27.2':
    optional: true

  '@esbuild/android-x64@0.27.2':
    optional: true

  '@esbuild/darwin-arm64@0.27.2':
    optional: true

  '@esbuild/darwin-x64@0.27.2':
    optional: true

  '@esbuild/freebsd-arm64@0.27.2':
    optional: true

  '@esbuild/freebsd-x64@0.27.2':
    optional: true

  '@esbuild/linux-arm64@0.27.2':
    optional: true

  '@esbuild/linux-arm@0.27.2':
    optional: true

  '@esbuild/linux-ia32@0.27.2':
    optional: true

  '@esbuild/linux-loong64@0.27.2':
    optional: true

  '@esbuild/linux-mips64el@0.27.2':
    optional: true

  '@esbuild/linux-ppc64@0.27.2':
    optional: true

  '@esbuild/linux-riscv64@0.27.2':
    optional: true

  '@esbuild/linux-s390x@0.27.2':
    optional: true

  '@esbuild/linux-x64@0.27.2':
    optional: true

  '@esbuild/netbsd-arm64@0.27.2':
    optional: true

  '@esbuild/netbsd-x64@0.27.2':
    optional: true

  '@esbuild/openbsd-arm64@0.27.2':
    optional: true

  '@esbuild/openbsd-x64@0.27.2':
    optional: true

  '@esbuild/openharmony-arm64@0.27.2':
    optional: true

  '@esbuild/sunos-x64@0.27.2':
    optional: true

  '@esbuild/win32-arm64@0.27.2':
    optional: true

  '@esbuild/win32-ia32@0.27.2':
    optional: true

  '@esbuild/win32-x64@0.27.2':
    optional: true

  '@jiaminghi/bezier-curve@0.0.9':
    dependencies:
      '@babel/runtime': 7.28.4

  '@jiaminghi/c-render@0.4.3':
    dependencies:
      '@babel/runtime': 7.28.4
      '@jiaminghi/bezier-curve': 0.0.9
      '@jiaminghi/color': 1.1.3
      '@jiaminghi/transition': 1.1.11

  '@jiaminghi/charts@0.2.18':
    dependencies:
      '@babel/runtime': 7.28.4
      '@jiaminghi/c-render': 0.4.3

  '@jiaminghi/color@1.1.3': {}

  '@jiaminghi/transition@1.1.11':
    dependencies:
      '@babel/runtime': 7.28.4

  '@jridgewell/sourcemap-codec@1.5.5': {}

  '@kjgl77/datav-vue3@1.7.4(vue@3.5.25(typescript@5.9.3))':
    dependencies:
      '@jiaminghi/c-render': 0.4.3
      '@jiaminghi/charts': 0.2.18
      '@jiaminghi/color': 1.1.3
      '@vueuse/core': 10.11.1(vue@3.5.25(typescript@5.9.3))
    transitivePeerDependencies:
      - '@vue/composition-api'
      - vue

  '@rolldown/pluginutils@1.0.0-beta.53': {}

  '@rollup/rollup-android-arm-eabi@4.53.5':
    optional: true

  '@rollup/rollup-android-arm64@4.53.5':
    optional: true

  '@rollup/rollup-darwin-arm64@4.53.5':
    optional: true

  '@rollup/rollup-darwin-x64@4.53.5':
    optional: true

  '@rollup/rollup-freebsd-arm64@4.53.5':
    optional: true

  '@rollup/rollup-freebsd-x64@4.53.5':
    optional: true

  '@rollup/rollup-linux-arm-gnueabihf@4.53.5':
    optional: true

  '@rollup/rollup-linux-arm-musleabihf@4.53.5':
    optional: true

  '@rollup/rollup-linux-arm64-gnu@4.53.5':
    optional: true

  '@rollup/rollup-linux-arm64-musl@4.53.5':
    optional: true

  '@rollup/rollup-linux-loong64-gnu@4.53.5':
    optional: true

  '@rollup/rollup-linux-ppc64-gnu@4.53.5':
    optional: true

  '@rollup/rollup-linux-riscv64-gnu@4.53.5':
    optional: true

  '@rollup/rollup-linux-riscv64-musl@4.53.5':
    optional: true

  '@rollup/rollup-linux-s390x-gnu@4.53.5':
    optional: true

  '@rollup/rollup-linux-x64-gnu@4.53.5':
    optional: true

  '@rollup/rollup-linux-x64-musl@4.53.5':
    optional: true

  '@rollup/rollup-openharmony-arm64@4.53.5':
    optional: true

  '@rollup/rollup-win32-arm64-msvc@4.53.5':
    optional: true

  '@rollup/rollup-win32-ia32-msvc@4.53.5':
    optional: true

  '@rollup/rollup-win32-x64-gnu@4.53.5':
    optional: true

  '@rollup/rollup-win32-x64-msvc@4.53.5':
    optional: true

  '@types/estree@1.0.8': {}

  '@types/node@24.10.4':
    dependencies:
      undici-types: 7.16.0

  '@types/web-bluetooth@0.0.20': {}

  '@vitejs/plugin-vue@6.0.3(vite@7.3.0(@types/node@24.10.4)(less@4.5.1))(vue@3.5.25(typescript@5.9.3))':
    dependencies:
      '@rolldown/pluginutils': 1.0.0-beta.53
      vite: 7.3.0(@types/node@24.10.4)(less@4.5.1)
      vue: 3.5.25(typescript@5.9.3)

  '@volar/language-core@2.4.26':
    dependencies:
      '@volar/source-map': 2.4.26

  '@volar/source-map@2.4.26': {}

  '@volar/typescript@2.4.26':
    dependencies:
      '@volar/language-core': 2.4.26
      path-browserify: 1.0.1
      vscode-uri: 3.1.0

  '@vue/compiler-core@3.5.25':
    dependencies:
      '@babel/parser': 7.28.5
      '@vue/shared': 3.5.25
      entities: 4.5.0
      estree-walker: 2.0.2
      source-map-js: 1.2.1

  '@vue/compiler-dom@3.5.25':
    dependencies:
      '@vue/compiler-core': 3.5.25
      '@vue/shared': 3.5.25

  '@vue/compiler-sfc@3.5.25':
    dependencies:
      '@babel/parser': 7.28.5
      '@vue/compiler-core': 3.5.25
      '@vue/compiler-dom': 3.5.25
      '@vue/compiler-ssr': 3.5.25
      '@vue/shared': 3.5.25
      estree-walker: 2.0.2
      magic-string: 0.30.21
      postcss: 8.5.6
      source-map-js: 1.2.1

  '@vue/compiler-ssr@3.5.25':
    dependencies:
      '@vue/compiler-dom': 3.5.25
      '@vue/shared': 3.5.25

  '@vue/language-core@3.1.8(typescript@5.9.3)':
    dependencies:
      '@volar/language-core': 2.4.26
      '@vue/compiler-dom': 3.5.25
      '@vue/shared': 3.5.25
      alien-signals: 3.1.1
      muggle-string: 0.4.1
      path-browserify: 1.0.1
      picomatch: 4.0.3
    optionalDependencies:
      typescript: 5.9.3

  '@vue/reactivity@3.5.25':
    dependencies:
      '@vue/shared': 3.5.25

  '@vue/runtime-core@3.5.25':
    dependencies:
      '@vue/reactivity': 3.5.25
      '@vue/shared': 3.5.25

  '@vue/runtime-dom@3.5.25':
    dependencies:
      '@vue/reactivity': 3.5.25
      '@vue/runtime-core': 3.5.25
      '@vue/shared': 3.5.25
      csstype: 3.2.3

  '@vue/server-renderer@3.5.25(vue@3.5.25(typescript@5.9.3))':
    dependencies:
      '@vue/compiler-ssr': 3.5.25
      '@vue/shared': 3.5.25
      vue: 3.5.25(typescript@5.9.3)

  '@vue/shared@3.5.25': {}

  '@vue/tsconfig@0.8.1(typescript@5.9.3)(vue@3.5.25(typescript@5.9.3))':
    optionalDependencies:
      typescript: 5.9.3
      vue: 3.5.25(typescript@5.9.3)

  '@vueuse/core@10.11.1(vue@3.5.25(typescript@5.9.3))':
    dependencies:
      '@types/web-bluetooth': 0.0.20
      '@vueuse/metadata': 10.11.1
      '@vueuse/shared': 10.11.1(vue@3.5.25(typescript@5.9.3))
      vue-demi: 0.14.10(vue@3.5.25(typescript@5.9.3))
    transitivePeerDependencies:
      - '@vue/composition-api'
      - vue

  '@vueuse/metadata@10.11.1': {}

  '@vueuse/shared@10.11.1(vue@3.5.25(typescript@5.9.3))':
    dependencies:
      vue-demi: 0.14.10(vue@3.5.25(typescript@5.9.3))
    transitivePeerDependencies:
      - '@vue/composition-api'
      - vue

  alien-signals@3.1.1: {}

  ansi-regex@5.0.1: {}

  ansi-styles@4.3.0:
    dependencies:
      color-convert: 2.0.1

  chalk@4.1.2:
    dependencies:
      ansi-styles: 4.3.0
      supports-color: 7.2.0

  cliui@8.0.1:
    dependencies:
      string-width: 4.2.3
      strip-ansi: 6.0.1
      wrap-ansi: 7.0.0

  color-convert@2.0.1:
    dependencies:
      color-name: 1.1.4

  color-name@1.1.4: {}

  copy-anything@2.0.6:
    dependencies:
      is-what: 3.14.1

  csstype@3.2.3: {}

  debug@4.4.3:
    dependencies:
      ms: 2.1.3

  define-lazy-prop@2.0.0: {}

  echarts@6.0.0:
    dependencies:
      tslib: 2.3.0
      zrender: 6.0.0

  emoji-regex@8.0.0: {}

  entities@4.5.0: {}

  errno@0.1.8:
    dependencies:
      prr: 1.0.1
    optional: true

  esbuild@0.27.2:
    optionalDependencies:
      '@esbuild/aix-ppc64': 0.27.2
      '@esbuild/android-arm': 0.27.2
      '@esbuild/android-arm64': 0.27.2
      '@esbuild/android-x64': 0.27.2
      '@esbuild/darwin-arm64': 0.27.2
      '@esbuild/darwin-x64': 0.27.2
      '@esbuild/freebsd-arm64': 0.27.2
      '@esbuild/freebsd-x64': 0.27.2
      '@esbuild/linux-arm': 0.27.2
      '@esbuild/linux-arm64': 0.27.2
      '@esbuild/linux-ia32': 0.27.2
      '@esbuild/linux-loong64': 0.27.2
      '@esbuild/linux-mips64el': 0.27.2
      '@esbuild/linux-ppc64': 0.27.2
      '@esbuild/linux-riscv64': 0.27.2
      '@esbuild/linux-s390x': 0.27.2
      '@esbuild/linux-x64': 0.27.2
      '@esbuild/netbsd-arm64': 0.27.2
      '@esbuild/netbsd-x64': 0.27.2
      '@esbuild/openbsd-arm64': 0.27.2
      '@esbuild/openbsd-x64': 0.27.2
      '@esbuild/openharmony-arm64': 0.27.2
      '@esbuild/sunos-x64': 0.27.2
      '@esbuild/win32-arm64': 0.27.2
      '@esbuild/win32-ia32': 0.27.2
      '@esbuild/win32-x64': 0.27.2

  escalade@3.2.0: {}

  estree-walker@2.0.2: {}

  fdir@6.5.0(picomatch@4.0.3):
    optionalDependencies:
      picomatch: 4.0.3

  fs-extra@10.1.0:
    dependencies:
      graceful-fs: 4.2.11
      jsonfile: 6.2.0
      universalify: 2.0.1

  fsevents@2.3.3:
    optional: true

  get-caller-file@2.0.5: {}

  graceful-fs@4.2.11: {}

  has-flag@4.0.0: {}

  iconv-lite@0.6.3:
    dependencies:
      safer-buffer: 2.1.2
    optional: true

  image-size@0.5.5:
    optional: true

  is-docker@2.2.1: {}

  is-fullwidth-code-point@3.0.0: {}

  is-what@3.14.1: {}

  is-wsl@2.2.0:
    dependencies:
      is-docker: 2.2.1

  jsonfile@6.2.0:
    dependencies:
      universalify: 2.0.1
    optionalDependencies:
      graceful-fs: 4.2.11

  less@4.5.1:
    dependencies:
      copy-anything: 2.0.6
      parse-node-version: 1.0.1
      tslib: 2.8.1
    optionalDependencies:
      errno: 0.1.8
      graceful-fs: 4.2.11
      image-size: 0.5.5
      make-dir: 2.1.0
      mime: 1.6.0
      needle: 3.3.1
      source-map: 0.6.1

  magic-string@0.30.21:
    dependencies:
      '@jridgewell/sourcemap-codec': 1.5.5

  make-dir@2.1.0:
    dependencies:
      pify: 4.0.1
      semver: 5.7.2
    optional: true

  mime@1.6.0:
    optional: true

  ms@2.1.3: {}

  muggle-string@0.4.1: {}

  nanoid@3.3.11: {}

  needle@3.3.1:
    dependencies:
      iconv-lite: 0.6.3
      sax: 1.4.3
    optional: true

  open@8.4.2:
    dependencies:
      define-lazy-prop: 2.0.0
      is-docker: 2.2.1
      is-wsl: 2.2.0

  parse-node-version@1.0.1: {}

  path-browserify@1.0.1: {}

  picocolors@1.1.1: {}

  picomatch@4.0.3: {}

  pify@4.0.1:
    optional: true

  postcss@8.5.6:
    dependencies:
      nanoid: 3.3.11
      picocolors: 1.1.1
      source-map-js: 1.2.1

  prr@1.0.1:
    optional: true

  require-directory@2.1.1: {}

  rollup-plugin-visualizer@6.0.5(rollup@4.53.5):
    dependencies:
      open: 8.4.2
      picomatch: 4.0.3
      source-map: 0.7.6
      yargs: 17.7.2
    optionalDependencies:
      rollup: 4.53.5

  rollup@4.53.5:
    dependencies:
      '@types/estree': 1.0.8
    optionalDependencies:
      '@rollup/rollup-android-arm-eabi': 4.53.5
      '@rollup/rollup-android-arm64': 4.53.5
      '@rollup/rollup-darwin-arm64': 4.53.5
      '@rollup/rollup-darwin-x64': 4.53.5
      '@rollup/rollup-freebsd-arm64': 4.53.5
      '@rollup/rollup-freebsd-x64': 4.53.5
      '@rollup/rollup-linux-arm-gnueabihf': 4.53.5
      '@rollup/rollup-linux-arm-musleabihf': 4.53.5
      '@rollup/rollup-linux-arm64-gnu': 4.53.5
      '@rollup/rollup-linux-arm64-musl': 4.53.5
      '@rollup/rollup-linux-loong64-gnu': 4.53.5
      '@rollup/rollup-linux-ppc64-gnu': 4.53.5
      '@rollup/rollup-linux-riscv64-gnu': 4.53.5
      '@rollup/rollup-linux-riscv64-musl': 4.53.5
      '@rollup/rollup-linux-s390x-gnu': 4.53.5
      '@rollup/rollup-linux-x64-gnu': 4.53.5
      '@rollup/rollup-linux-x64-musl': 4.53.5
      '@rollup/rollup-openharmony-arm64': 4.53.5
      '@rollup/rollup-win32-arm64-msvc': 4.53.5
      '@rollup/rollup-win32-ia32-msvc': 4.53.5
      '@rollup/rollup-win32-x64-gnu': 4.53.5
      '@rollup/rollup-win32-x64-msvc': 4.53.5
      fsevents: 2.3.3

  safer-buffer@2.1.2:
    optional: true

  sax@1.4.3:
    optional: true

  semver@5.7.2:
    optional: true

  source-map-js@1.2.1: {}

  source-map@0.6.1:
    optional: true

  source-map@0.7.6: {}

  string-width@4.2.3:
    dependencies:
      emoji-regex: 8.0.0
      is-fullwidth-code-point: 3.0.0
      strip-ansi: 6.0.1

  strip-ansi@6.0.1:
    dependencies:
      ansi-regex: 5.0.1

  supports-color@7.2.0:
    dependencies:
      has-flag: 4.0.0

  tinyglobby@0.2.15:
    dependencies:
      fdir: 6.5.0(picomatch@4.0.3)
      picomatch: 4.0.3

  tslib@2.3.0: {}

  tslib@2.8.1: {}

  typescript@5.9.3: {}

  undici-types@7.16.0: {}

  universalify@2.0.1: {}

  vite-plugin-compression@0.5.1(vite@7.3.0(@types/node@24.10.4)(less@4.5.1)):
    dependencies:
      chalk: 4.1.2
      debug: 4.4.3
      fs-extra: 10.1.0
      vite: 7.3.0(@types/node@24.10.4)(less@4.5.1)
    transitivePeerDependencies:
      - supports-color

  vite@7.3.0(@types/node@24.10.4)(less@4.5.1):
    dependencies:
      esbuild: 0.27.2
      fdir: 6.5.0(picomatch@4.0.3)
      picomatch: 4.0.3
      postcss: 8.5.6
      rollup: 4.53.5
      tinyglobby: 0.2.15
    optionalDependencies:
      '@types/node': 24.10.4
      fsevents: 2.3.3
      less: 4.5.1

  vscode-uri@3.1.0: {}

  vue-demi@0.14.10(vue@3.5.25(typescript@5.9.3)):
    dependencies:
      vue: 3.5.25(typescript@5.9.3)

  vue-tsc@3.1.8(typescript@5.9.3):
    dependencies:
      '@volar/typescript': 2.4.26
      '@vue/language-core': 3.1.8(typescript@5.9.3)
      typescript: 5.9.3

  vue@3.5.25(typescript@5.9.3):
    dependencies:
      '@vue/compiler-dom': 3.5.25
      '@vue/compiler-sfc': 3.5.25
      '@vue/runtime-dom': 3.5.25
      '@vue/server-renderer': 3.5.25(vue@3.5.25(typescript@5.9.3))
      '@vue/shared': 3.5.25
    optionalDependencies:
      typescript: 5.9.3

  wrap-ansi@7.0.0:
    dependencies:
      ansi-styles: 4.3.0
      string-width: 4.2.3
      strip-ansi: 6.0.1

  y18n@5.0.8: {}

  yargs-parser@21.1.1: {}

  yargs@17.7.2:
    dependencies:
      cliui: 8.0.1
      escalade: 3.2.0
      get-caller-file: 2.0.5
      require-directory: 2.1.1
      string-width: 4.2.3
      y18n: 5.0.8
      yargs-parser: 21.1.1

  zrender@6.0.0:
    dependencies:
      tslib: 2.3.0
